{
  "version": 2,
  "dependencies": {
    "net10.0": {
      "FSharp.Core": {
        "type": "Direct",
        "requested": "[10.0.101, )",
        "resolved": "10.0.101",
        "contentHash": "mrS3J7cLtvXM3u3CmiaFq8oyBdlevzZY1VAAAbFk1gUDQtDEjUOybN5XpQglx5wAgJ0wLdDl6OSSfS7ZDFNcpA=="
      },
      "FSharp.Data": {
        "type": "Direct",
        "requested": "[8.2.0, )",
        "resolved": "8.2.0",
        "contentHash": "U9ymmHeGVsRtKu46UNq6dS4wl3Y/0TpzHx5i0mNhzsX/eY0FTblFq1zrOLcuuRNJAbsznwZcnKzOQKkyHxp8fA==",
        "dependencies": {
          "FSharp.Core": "6.0.1",
          "FSharp.Data.Csv.Core": "8.2.0",
          "FSharp.Data.Html.Core": "8.2.0",
          "FSharp.Data.Http": "8.2.0",
          "FSharp.Data.Json.Core": "8.2.0",
          "FSharp.Data.Runtime.Utilities": "8.2.0",
          "FSharp.Data.WorldBank.Core": "8.2.0",
          "FSharp.Data.Xml.Core": "8.2.0"
        }
      },
      "FSharp.Stats": {
        "type": "Direct",
        "requested": "[0.6.0, )",
        "resolved": "0.6.0",
        "contentHash": "XBpVa/BKCCkfMxQKTNyA4jgcASv1qx+8GbqcoKB1sttLOvIDKoP3xDCCRcvU/qvdSKmSjGXNMJJANKx/7DuZpw==",
        "dependencies": {
          "FSharp.Core": "6.0.7",
          "FSharpAux": "2.0.0",
          "FSharpAux.Core": "2.0.0",
          "FSharpAux.IO": "2.0.0",
          "OptimizedPriorityQueue": "5.1.0"
        }
      },
      "Microsoft.ML": {
        "type": "Direct",
        "requested": "[5.0.0, )",
        "resolved": "5.0.0",
        "contentHash": "clHLX6bjcRpuHDRkXwkm/gSILifT0DOXXzgor4kBhjTkz5G419BCXhZ1xVk/GsMH6koqWwMONjQKzSSCSVZrIQ==",
        "dependencies": {
          "Microsoft.Bcl.AsyncInterfaces": "9.0.4",
          "Microsoft.ML.CpuMath": "5.0.0",
          "Microsoft.ML.DataView": "5.0.0",
          "Newtonsoft.Json": "13.0.3",
          "System.CodeDom": "9.0.4",
          "System.Numerics.Tensors": "9.0.4"
        }
      },
      "Microsoft.ML.FastTree": {
        "type": "Direct",
        "requested": "[5.0.0, )",
        "resolved": "5.0.0",
        "contentHash": "ZcqAHfHlG9AMNlDd5OXuuw2uv+ZWa3c43yf1RNWqIRaLbwsLOpKja7kZ8Q0xkyyo2z9Bb2zKhsHtc8wV1CJojg==",
        "dependencies": {
          "Microsoft.Bcl.AsyncInterfaces": "9.0.4",
          "Microsoft.ML": "5.0.0",
          "Newtonsoft.Json": "13.0.3",
          "System.CodeDom": "9.0.4"
        }
      },
      "FSharp.Data.Csv.Core": {
        "type": "Transitive",
        "resolved": "8.2.0",
        "contentHash": "uaKCBXsYLbs/Am+1ejKw7y1wLhXvMGnWvUaq/h191Z3mwFG6CsvvIR7hvOMFV99wdjZncwuT6LpqiEugqZPsfg==",
        "dependencies": {
          "FSharp.Core": "6.0.1",
          "FSharp.Data.Runtime.Utilities": "8.2.0"
        }
      },
      "FSharp.Data.Html.Core": {
        "type": "Transitive",
        "resolved": "8.2.0",
        "contentHash": "EyJWmESchSldK+5By3/sOyCzAJ5g86w616S9gRVYL+vOpy4fWsXBssxrDgJHv/5srof0rqG2uIHiMH5o19KgGw==",
        "dependencies": {
          "FSharp.Core": "6.0.1",
          "FSharp.Data.Csv.Core": "8.2.0",
          "FSharp.Data.Json.Core": "8.2.0",
          "FSharp.Data.Runtime.Utilities": "8.2.0"
        }
      },
      "FSharp.Data.Http": {
        "type": "Transitive",
        "resolved": "8.2.0",
        "contentHash": "J5Q1BKJ6uBQo8xJSOD+xyflvx6EUB0QYv76t201iYD9YH7gYpApSsXqmbjtDDhhygeLgjO00uDJtiECiGVqzTg==",
        "dependencies": {
          "FSharp.Core": "6.0.1"
        }
      },
      "FSharp.Data.Json.Core": {
        "type": "Transitive",
        "resolved": "8.2.0",
        "contentHash": "Cw2DJD+RKDcyiSCTFQkIFu2lvALSsAzFV/+c60uyvVyCEAQ7AioYhnMnbzFe8taVTKVDKoOAW2AGyHJhgwGviA==",
        "dependencies": {
          "FSharp.Core": "6.0.1",
          "FSharp.Data.Http": "8.2.0",
          "FSharp.Data.Runtime.Utilities": "8.2.0"
        }
      },
      "FSharp.Data.Runtime.Utilities": {
        "type": "Transitive",
        "resolved": "8.2.0",
        "contentHash": "b0xcKONOvdIq2sHavwIWlSUDYnHqM95R/hDH844xP3LJYjHxsJRwNC+14J9WLLm/sier5SxEj+KXHcZo3cL9aw==",
        "dependencies": {
          "FSharp.Core": "6.0.1",
          "FSharp.Data.Http": "8.2.0"
        }
      },
      "FSharp.Data.WorldBank.Core": {
        "type": "Transitive",
        "resolved": "8.2.0",
        "contentHash": "0yp6cn7jthBZ5igrInDNiL/x5WhjgwCly6DLEy0mPQF4Ey2Fa0gVZcRc5CwWfgeO8cAStpZZomATNzBdY6dqFQ==",
        "dependencies": {
          "FSharp.Core": "6.0.1",
          "FSharp.Data.Http": "8.2.0",
          "FSharp.Data.Json.Core": "8.2.0",
          "FSharp.Data.Runtime.Utilities": "8.2.0"
        }
      },
      "FSharp.Data.Xml.Core": {
        "type": "Transitive",
        "resolved": "8.2.0",
        "contentHash": "ku/wFCH4/N+XBVZUlSYwFAT/dCj0tj+e/f4wSzgLWiGzF8t/EhM5PHwHRIX7GhQxGSamuSYVlT4D/QW/TPCDZw==",
        "dependencies": {
          "FSharp.Core": "6.0.1",
          "FSharp.Data.Http": "8.2.0",
          "FSharp.Data.Json.Core": "8.2.0",
          "FSharp.Data.Runtime.Utilities": "8.2.0"
        }
      },
      "FSharpAux": {
        "type": "Transitive",
        "resolved": "2.0.0",
        "contentHash": "2gFFDzIVheYO/glZmzyRaol/P60SWPzH7zM7QFZzfkR+rB3F0IdyVQpo3h9eOdsnOVTIYJhiywOaBAtsW0ZFzA==",
        "dependencies": {
          "FSharp.Core": "6.0.7",
          "FSharpAux.Core": "2.0.0"
        }
      },
      "FSharpAux.Core": {
        "type": "Transitive",
        "resolved": "2.0.0",
        "contentHash": "ltsM7H9SsfnvjcWXm5TcoyBysatHpwR8krCfyXdWriMT0DBxZxji3bhxNOcm4HeQXD4slL2TrJgULXyiCtJBRQ==",
        "dependencies": {
          "FSharp.Core": "6.0.7"
        }
      },
      "FSharpAux.IO": {
        "type": "Transitive",
        "resolved": "2.0.0",
        "contentHash": "1E/vV4FGaKJyYHg3n8cCi0LjhceP02V/I8MYuxwPhnH4MrbTe79dYGprgRmPybw14MqkMmIIcajaPDW0GAFxjA==",
        "dependencies": {
          "FSharp.Core": "6.0.7",
          "FSharpAux": "2.0.0"
        }
      },
      "Microsoft.Bcl.AsyncInterfaces": {
        "type": "Transitive",
        "resolved": "9.0.4",
        "contentHash": "9VGI5kxIvrNG2mqLQZnUR6y/3fcnygD8eNpHR+CqfbnIXvea6nehnYknDKQTxZVPMpzpNca+7DxLBmpdB3q0Bw=="
      },
      "Microsoft.ML.CpuMath": {
        "type": "Transitive",
        "resolved": "5.0.0",
        "contentHash": "Qv0OeYmFkzDC9AjfJfUUTiIYcnb49K5oGtUUOIkr0BrApqWm6niHZqCrD3iJJi2BORbto/eEfP7/+uNqHxGvYg==",
        "dependencies": {
          "System.Numerics.Tensors": "9.0.4"
        }
      },
      "Microsoft.ML.DataView": {
        "type": "Transitive",
        "resolved": "5.0.0",
        "contentHash": "G8onJ9msBpLYea29WyG+NRV010rg75hJDUIEK3+sSDFAR0OV5p74QjZWnpNbyhT8OkAJdSNkif4l9/iCWZ2LOQ=="
      },
      "Newtonsoft.Json": {
        "type": "Transitive",
        "resolved": "13.0.3",
        "contentHash": "HrC5BXdl00IP9zeV+0Z848QWPAoCr9P3bDEZguI+gkLcBKAOxix/tLEAAHC+UvDNPv4a2d18lOReHMOagPa+zQ=="
      },
      "OptimizedPriorityQueue": {
        "type": "Transitive",
        "resolved": "5.1.0",
        "contentHash": "0AnX6kAs0GiLrSqrHKe5mpQhJSHTmXeqLNucV2CxGATP/I9UzLMc1N4MtS/z8qB6mcgX61OjHdY3YbOmETGs+A=="
      },
      "System.CodeDom": {
        "type": "Transitive",
        "resolved": "9.0.4",
        "contentHash": "aJdv7Z87PoPW8ijvGIincocooYRbH3Umtlz7OrJKf6GDInbdu1bvk5X1fFlmbl7WP+9ntoIBd7NjKz+siVFdHA=="
      },
      "System.Numerics.Tensors": {
        "type": "Transitive",
        "resolved": "9.0.4",
        "contentHash": "ynVvqELpMWGQJ1Y90rlAmuTiSQIkXD0W5AMj7pVpEjECmrcIJLexIBblgccerHFijayfcsl1KCbkk+Sg5cS9vQ=="
      }
    }
  }
}